
Microsoft Visual Studio Solution File, Format Version 12.00
# Visual Studio 15
VisualStudioVersion = 15.0.27004.2009
MinimumVisualStudioVersion = 10.0.40219.1
Project("{FAE04EC0-301F-11D3-BF4B-00C04F79EFBC}") = "Bazar", "Bazar\Bazar.csproj", "{78E319AD-6FD9-4A59-89E0-86DC7A5A9D89}"
EndProject
Project("{FAE04EC0-301F-11D3-BF4B-00C04F79EFBC}") = "TestBazar", "TestBazar\TestBazar.csproj", "{550F3925-17AA-4EA5-B41C-B8D3FAC2BBB5}"
EndProject
Global
	GlobalSection(SolutionConfigurationPlatforms) = preSolution
		Debug|Any CPU = Debug|Any CPU
		Release|Any CPU = Release|Any CPU
	EndGlobalSection
	GlobalSection(ProjectConfigurationPlatforms) = postSolution
		{78E319AD-6FD9-4A59-89E0-86DC7A5A9D89}.Debug|Any CPU.ActiveCfg = Debug|Any CPU
		{78E319AD-6FD9-4A59-89E0-86DC7A5A9D89}.Debug|Any CPU.Build.0 = Debug|Any CPU
		{78E319AD-6FD9-4A59-89E0-86DC7A5A9D89}.Release|Any CPU.ActiveCfg = Release|Any CPU
		{78E319AD-6FD9-4A59-89E0-86DC7A5A9D89}.Release|Any CPU.Build.0 = Release|Any CPU
		{550F3925-17AA-4EA5-B41C-B8D3FAC2BBB5}.Debug|Any CPU.ActiveCfg = Debug|Any CPU
		{550F3925-17AA-4EA5-B41C-B8D3FAC2BBB5}.Debug|Any CPU.Build.0 = Debug|Any CPU
		{550F3925-17AA-4EA5-B41C-B8D3FAC2BBB5}.Release|Any CPU.ActiveCfg = Release|Any CPU
		{550F3925-17AA-4EA5-B41C-B8D3FAC2BBB5}.Release|Any CPU.Build.0 = Release|Any CPU
	EndGlobalSection
	GlobalSection(SolutionProperties) = preSolution
		HideSolutionNode = FALSE
	EndGlobalSection
	GlobalSection(ExtensibilityGlobals) = postSolution
		SolutionGuid = {F4FE27A1-53D9-4A89-A1C5-9149007A3740}
	EndGlobalSection
EndGlobal
